// !$*UTF8*$!
{
	archiveVersion = 1;
	classes = {
	};
	objectVersion = 56;
	objects = {

/* Begin PBXBuildFile section */
		DE517A5D291A538200316112 /* TitleCollectionViewCell.swift in Sources */ = {isa = PBXBuildFile; fileRef = DE517A5C291A538200316112 /* TitleCollectionViewCell.swift */; };
		DE517A60291A552700316112 /* SDWebImage in Frameworks */ = {isa = PBXBuildFile; productRef = DE517A5F291A552700316112 /* SDWebImage */; };
		DE517A62291A552700316112 /* SDWebImageMapKit in Frameworks */ = {isa = PBXBuildFile; productRef = DE517A61291A552700316112 /* SDWebImageMapKit */; };
		DE71CD732912FA910023659F /* Extensions.swift in Sources */ = {isa = PBXBuildFile; fileRef = DE71CD722912FA910023659F /* Extensions.swift */; };
		DE8E273429294A310090296C /* SearchResultsViewController.swift in Sources */ = {isa = PBXBuildFile; fileRef = DE8E273329294A310090296C /* SearchResultsViewController.swift */; };
		DEADD0582922582F0092005F /* TitleTableViewCell.swift in Sources */ = {isa = PBXBuildFile; fileRef = DEADD0572922582F0092005F /* TitleTableViewCell.swift */; };
		DEADD05A29225BEE0092005F /* TitleViewModel.swift in Sources */ = {isa = PBXBuildFile; fileRef = DEADD05929225BEE0092005F /* TitleViewModel.swift */; };
		DEC83178290BD51A001AB60A /* HeroHeaderUIView.swift in Sources */ = {isa = PBXBuildFile; fileRef = DEC83177290BD51A001AB60A /* HeroHeaderUIView.swift */; };
		DECA4AB62911201D00D787F5 /* APICaller.swift in Sources */ = {isa = PBXBuildFile; fileRef = DECA4AB52911201D00D787F5 /* APICaller.swift */; };
		DECA4AB8291124DD00D787F5 /* Title.swift in Sources */ = {isa = PBXBuildFile; fileRef = DECA4AB7291124DD00D787F5 /* Title.swift */; };
		DEFF7D1C2907D48900FD4A3F /* AppDelegate.swift in Sources */ = {isa = PBXBuildFile; fileRef = DEFF7D1B2907D48900FD4A3F /* AppDelegate.swift */; };
		DEFF7D1E2907D48900FD4A3F /* SceneDelegate.swift in Sources */ = {isa = PBXBuildFile; fileRef = DEFF7D1D2907D48900FD4A3F /* SceneDelegate.swift */; };
		DEFF7D202907D48900FD4A3F /* MainTabBarViewController.swift in Sources */ = {isa = PBXBuildFile; fileRef = DEFF7D1F2907D48900FD4A3F /* MainTabBarViewController.swift */; };
		DEFF7D252907D48A00FD4A3F /* Assets.xcassets in Resources */ = {isa = PBXBuildFile; fileRef = DEFF7D242907D48A00FD4A3F /* Assets.xcassets */; };
		DEFF7D282907D48A00FD4A3F /* LaunchScreen.storyboard in Resources */ = {isa = PBXBuildFile; fileRef = DEFF7D262907D48A00FD4A3F /* LaunchScreen.storyboard */; };
		DEFF7D312907D8E900FD4A3F /* HomeViewController.swift in Sources */ = {isa = PBXBuildFile; fileRef = DEFF7D302907D8E900FD4A3F /* HomeViewController.swift */; };
		DEFF7D332907D93F00FD4A3F /* UpcomingViewController.swift in Sources */ = {isa = PBXBuildFile; fileRef = DEFF7D322907D93F00FD4A3F /* UpcomingViewController.swift */; };
		DEFF7D352907D97800FD4A3F /* SearchViewController.swift in Sources */ = {isa = PBXBuildFile; fileRef = DEFF7D342907D97800FD4A3F /* SearchViewController.swift */; };
		DEFF7D372907D99600FD4A3F /* DownloadsViewController.swift in Sources */ = {isa = PBXBuildFile; fileRef = DEFF7D362907D99600FD4A3F /* DownloadsViewController.swift */; };
		DEFF7D3E2907EFBF00FD4A3F /* CollectionViewTableViewCell.swift in Sources */ = {isa = PBXBuildFile; fileRef = DEFF7D3D2907EFBF00FD4A3F /* CollectionViewTableViewCell.swift */; };
/* End PBXBuildFile section */

/* Begin PBXFileReference section */
		DE517A5C291A538200316112 /* TitleCollectionViewCell.swift */ = {isa = PBXFileReference; lastKnownFileType = sourcecode.swift; path = TitleCollectionViewCell.swift; sourceTree = "<group>"; };
		DE71CD722912FA910023659F /* Extensions.swift */ = {isa = PBXFileReference; lastKnownFileType = sourcecode.swift; path = Extensions.swift; sourceTree = "<group>"; };
		DE8E273329294A310090296C /* SearchResultsViewController.swift */ = {isa = PBXFileReference; lastKnownFileType = sourcecode.swift; path = SearchResultsViewController.swift; sourceTree = "<group>"; };
		DEADD0572922582F0092005F /* TitleTableViewCell.swift */ = {isa = PBXFileReference; lastKnownFileType = sourcecode.swift; path = TitleTableViewCell.swift; sourceTree = "<group>"; };
		DEADD05929225BEE0092005F /* TitleViewModel.swift */ = {isa = PBXFileReference; lastKnownFileType = sourcecode.swift; path = TitleViewModel.swift; sourceTree = "<group>"; };
		DEC83177290BD51A001AB60A /* HeroHeaderUIView.swift */ = {isa = PBXFileReference; lastKnownFileType = sourcecode.swift; path = HeroHeaderUIView.swift; sourceTree = "<group>"; };
		DECA4AB52911201D00D787F5 /* APICaller.swift */ = {isa = PBXFileReference; lastKnownFileType = sourcecode.swift; path = APICaller.swift; sourceTree = "<group>"; };
		DECA4AB7291124DD00D787F5 /* Title.swift */ = {isa = PBXFileReference; lastKnownFileType = sourcecode.swift; path = Title.swift; sourceTree = "<group>"; };
		DEFF7D182907D48900FD4A3F /* NetflixClone.app */ = {isa = PBXFileReference; explicitFileType = wrapper.application; includeInIndex = 0; path = NetflixClone.app; sourceTree = BUILT_PRODUCTS_DIR; };
		DEFF7D1B2907D48900FD4A3F /* AppDelegate.swift */ = {isa = PBXFileReference; lastKnownFileType = sourcecode.swift; path = AppDelegate.swift; sourceTree = "<group>"; };
		DEFF7D1D2907D48900FD4A3F /* SceneDelegate.swift */ = {isa = PBXFileReference; lastKnownFileType = sourcecode.swift; path = SceneDelegate.swift; sourceTree = "<group>"; };
		DEFF7D1F2907D48900FD4A3F /* MainTabBarViewController.swift */ = {isa = PBXFileReference; lastKnownFileType = sourcecode.swift; path = MainTabBarViewController.swift; sourceTree = "<group>"; };
		DEFF7D242907D48A00FD4A3F /* Assets.xcassets */ = {isa = PBXFileReference; lastKnownFileType = folder.assetcatalog; path = Assets.xcassets; sourceTree = "<group>"; };
		DEFF7D272907D48A00FD4A3F /* Base */ = {isa = PBXFileReference; lastKnownFileType = file.storyboard; name = Base; path = Base.lproj/LaunchScreen.storyboard; sourceTree = "<group>"; };
		DEFF7D292907D48A00FD4A3F /* Info.plist */ = {isa = PBXFileReference; lastKnownFileType = text.plist.xml; path = Info.plist; sourceTree = "<group>"; };
		DEFF7D302907D8E900FD4A3F /* HomeViewController.swift */ = {isa = PBXFileReference; lastKnownFileType = sourcecode.swift; path = HomeViewController.swift; sourceTree = "<group>"; };
		DEFF7D322907D93F00FD4A3F /* UpcomingViewController.swift */ = {isa = PBXFileReference; lastKnownFileType = sourcecode.swift; path = UpcomingViewController.swift; sourceTree = "<group>"; };
		DEFF7D342907D97800FD4A3F /* SearchViewController.swift */ = {isa = PBXFileReference; lastKnownFileType = sourcecode.swift; path = SearchViewController.swift; sourceTree = "<group>"; };
		DEFF7D362907D99600FD4A3F /* DownloadsViewController.swift */ = {isa = PBXFileReference; lastKnownFileType = sourcecode.swift; path = DownloadsViewController.swift; sourceTree = "<group>"; };
		DEFF7D3D2907EFBF00FD4A3F /* CollectionViewTableViewCell.swift */ = {isa = PBXFileReference; lastKnownFileType = sourcecode.swift; path = CollectionViewTableViewCell.swift; sourceTree = "<group>"; };
/* End PBXFileReference section */

/* Begin PBXFrameworksBuildPhase section */
		DEFF7D152907D48900FD4A3F /* Frameworks */ = {
			isa = PBXFrameworksBuildPhase;
			buildActionMask = 2147483647;
			files = (
				DE517A62291A552700316112 /* SDWebImageMapKit in Frameworks */,
				DE517A60291A552700316112 /* SDWebImage in Frameworks */,
			);
			runOnlyForDeploymentPostprocessing = 0;
		};
/* End PBXFrameworksBuildPhase section */

/* Begin PBXGroup section */
		DE8E273529294A640090296C /* Core */ = {
			isa = PBXGroup;
			children = (
				DEFF7D1F2907D48900FD4A3F /* MainTabBarViewController.swift */,
				DEFF7D302907D8E900FD4A3F /* HomeViewController.swift */,
				DEFF7D322907D93F00FD4A3F /* UpcomingViewController.swift */,
				DEFF7D342907D97800FD4A3F /* SearchViewController.swift */,
				DEFF7D362907D99600FD4A3F /* DownloadsViewController.swift */,
			);
			path = Core;
			sourceTree = "<group>";
		};
		DE8E273629294A760090296C /* General */ = {
			isa = PBXGroup;
			children = (
				DE8E273329294A310090296C /* SearchResultsViewController.swift */,
			);
			path = General;
			sourceTree = "<group>";
		};
		DEFF7D0F2907D48900FD4A3F = {
			isa = PBXGroup;
			children = (
				DEFF7D1A2907D48900FD4A3F /* NetflixClone */,
				DEFF7D192907D48900FD4A3F /* Products */,
			);
			sourceTree = "<group>";
		};
		DEFF7D192907D48900FD4A3F /* Products */ = {
			isa = PBXGroup;
			children = (
				DEFF7D182907D48900FD4A3F /* NetflixClone.app */,
			);
			name = Products;
			sourceTree = "<group>";
		};
		DEFF7D1A2907D48900FD4A3F /* NetflixClone */ = {
			isa = PBXGroup;
			children = (
				DEFF7D3C2907EF8300FD4A3F /* Managers */,
				DEFF7D3B2907EF6D00FD4A3F /* Resources */,
				DEFF7D3A2907EF3A00FD4A3F /* Models */,
				DEFF7D382907EF0200FD4A3F /* Views */,
				DEFF7D392907EF2800FD4A3F /* View Models */,
				DEFF7D2F2907D8C700FD4A3F /* Controllers */,
				DEFF7D1B2907D48900FD4A3F /* AppDelegate.swift */,
				DEFF7D1D2907D48900FD4A3F /* SceneDelegate.swift */,
				DEFF7D242907D48A00FD4A3F /* Assets.xcassets */,
				DEFF7D262907D48A00FD4A3F /* LaunchScreen.storyboard */,
				DEFF7D292907D48A00FD4A3F /* Info.plist */,
			);
			path = NetflixClone;
			sourceTree = "<group>";
		};
		DEFF7D2F2907D8C700FD4A3F /* Controllers */ = {
			isa = PBXGroup;
			children = (
				DE8E273629294A760090296C /* General */,
				DE8E273529294A640090296C /* Core */,
			);
			path = Controllers;
			sourceTree = "<group>";
		};
		DEFF7D382907EF0200FD4A3F /* Views */ = {
			isa = PBXGroup;
			children = (
				DEFF7D3D2907EFBF00FD4A3F /* CollectionViewTableViewCell.swift */,
				DEC83177290BD51A001AB60A /* HeroHeaderUIView.swift */,
				DE517A5C291A538200316112 /* TitleCollectionViewCell.swift */,
				DEADD0572922582F0092005F /* TitleTableViewCell.swift */,
			);
			path = Views;
			sourceTree = "<group>";
		};
		DEFF7D392907EF2800FD4A3F /* View Models */ = {
			isa = PBXGroup;
			children = (
				DEADD05929225BEE0092005F /* TitleViewModel.swift */,
			);
			path = "View Models";
			sourceTree = "<group>";
		};
		DEFF7D3A2907EF3A00FD4A3F /* Models */ = {
			isa = PBXGroup;
			children = (
				DECA4AB7291124DD00D787F5 /* Title.swift */,
			);
			path = Models;
			sourceTree = "<group>";
		};
		DEFF7D3B2907EF6D00FD4A3F /* Resources */ = {
			isa = PBXGroup;
			children = (
				DE71CD722912FA910023659F /* Extensions.swift */,
			);
			path = Resources;
			sourceTree = "<group>";
		};
		DEFF7D3C2907EF8300FD4A3F /* Managers */ = {
			isa = PBXGroup;
			children = (
				DECA4AB52911201D00D787F5 /* APICaller.swift */,
			);
			path = Managers;
			sourceTree = "<group>";
		};
/* End PBXGroup section */

/* Begin PBXNativeTarget section */
		DEFF7D172907D48900FD4A3F /* NetflixClone */ = {
			isa = PBXNativeTarget;
			buildConfigurationList = DEFF7D2C2907D48A00FD4A3F /* Build configuration list for PBXNativeTarget "NetflixClone" */;
			buildPhases = (
				DEFF7D142907D48900FD4A3F /* Sources */,
				DEFF7D152907D48900FD4A3F /* Frameworks */,
				DEFF7D162907D48900FD4A3F /* Resources */,
			);
			buildRules = (
			);
			dependencies = (
			);
			name = NetflixClone;
			packageProductDependencies = (
				DE517A5F291A552700316112 /* SDWebImage */,
				DE517A61291A552700316112 /* SDWebImageMapKit */,
			);
			productName = NetflixClone;
			productReference = DEFF7D182907D48900FD4A3F /* NetflixClone.app */;
			productType = "com.apple.product-type.application";
		};
/* End PBXNativeTarget section */

/* Begin PBXProject section */
		DEFF7D102907D48900FD4A3F /* Project object */ = {
			isa = PBXProject;
			attributes = {
				BuildIndependentTargetsInParallel = 1;
				LastSwiftUpdateCheck = 1400;
				LastUpgradeCheck = 1400;
				TargetAttributes = {
					DEFF7D172907D48900FD4A3F = {
						CreatedOnToolsVersion = 14.0.1;
					};
				};
			};
			buildConfigurationList = DEFF7D132907D48900FD4A3F /* Build configuration list for PBXProject "NetflixClone" */;
			compatibilityVersion = "Xcode 14.0";
			developmentRegion = en;
			hasScannedForEncodings = 0;
			knownRegions = (
				en,
				Base,
			);
			mainGroup = DEFF7D0F2907D48900FD4A3F;
			packageReferences = (
				DE517A5E291A552700316112 /* XCRemoteSwiftPackageReference "SDWebImage" */,
			);
			productRefGroup = DEFF7D192907D48900FD4A3F /* Products */;
			projectDirPath = "";
			projectRoot = "";
			targets = (
				DEFF7D172907D48900FD4A3F /* NetflixClone */,
			);
		};
/* End PBXProject section */

/* Begin PBXResourcesBuildPhase section */
		DEFF7D162907D48900FD4A3F /* Resources */ = {
			isa = PBXResourcesBuildPhase;
			buildActionMask = 2147483647;
			files = (
				DEFF7D282907D48A00FD4A3F /* LaunchScreen.storyboard in Resources */,
				DEFF7D252907D48A00FD4A3F /* Assets.xcassets in Resources */,
			);
			runOnlyForDeploymentPostprocessing = 0;
		};
/* End PBXResourcesBuildPhase section */

/* Begin PBXSourcesBuildPhase section */
		DEFF7D142907D48900FD4A3F /* Sources */ = {
			isa = PBXSourcesBuildPhase;
			buildActionMask = 2147483647;
			files = (
				DEADD0582922582F0092005F /* TitleTableViewCell.swift in Sources */,
				DEFF7D352907D97800FD4A3F /* SearchViewController.swift in Sources */,
				DE517A5D291A538200316112 /* TitleCollectionViewCell.swift in Sources */,
				DEFF7D202907D48900FD4A3F /* MainTabBarViewController.swift in Sources */,
				DEFF7D3E2907EFBF00FD4A3F /* CollectionViewTableViewCell.swift in Sources */,
				DECA4AB62911201D00D787F5 /* APICaller.swift in Sources */,
				DEC83178290BD51A001AB60A /* HeroHeaderUIView.swift in Sources */,
				DEFF7D372907D99600FD4A3F /* DownloadsViewController.swift in Sources */,
				DEFF7D1C2907D48900FD4A3F /* AppDelegate.swift in Sources */,
				DE8E273429294A310090296C /* SearchResultsViewController.swift in Sources */,
				DE71CD732912FA910023659F /* Extensions.swift in Sources */,
				DEFF7D1E2907D48900FD4A3F /* SceneDelegate.swift in Sources */,
				DEFF7D332907D93F00FD4A3F /* UpcomingViewController.swift in Sources */,
				DECA4AB8291124DD00D787F5 /* Title.swift in Sources */,
				DEFF7D312907D8E900FD4A3F /* HomeViewController.swift in Sources */,
				DEADD05A29225BEE0092005F /* TitleViewModel.swift in Sources */,
			);
			runOnlyForDeploymentPostprocessing = 0;
		};
/* End PBXSourcesBuildPhase section */

/* Begin PBXVariantGroup section */
		DEFF7D262907D48A00FD4A3F /* LaunchScreen.storyboard */ = {
			isa = PBXVariantGroup;
			children = (
				DEFF7D272907D48A00FD4A3F /* Base */,
			);
			name = LaunchScreen.storyboard;
			sourceTree = "<group>";
		};
/* End PBXVariantGroup section */

/* Begin XCBuildConfiguration section */
		DEFF7D2A2907D48A00FD4A3F /* Debug */ = {
			isa = XCBuildConfiguration;
			buildSettings = {
				ALWAYS_SEARCH_USER_PATHS = NO;
				CLANG_ANALYZER_NONNULL = YES;
				CLANG_ANALYZER_NUMBER_OBJECT_CONVERSION = YES_AGGRESSIVE;
				CLANG_CXX_LANGUAGE_STANDARD = "gnu++20";
				CLANG_ENABLE_MODULES = YES;
				CLANG_ENABLE_OBJC_ARC = YES;
				CLANG_ENABLE_OBJC_WEAK = YES;
				CLANG_WARN_BLOCK_CAPTURE_AUTORELEASING = YES;
				CLANG_WARN_BOOL_CONVERSION = YES;
				CLANG_WARN_COMMA = YES;
				CLANG_WARN_CONSTANT_CONVERSION = YES;
				CLANG_WARN_DEPRECATED_OBJC_IMPLEMENTATIONS = YES;
				CLANG_WARN_DIRECT_OBJC_ISA_USAGE = YES_ERROR;
				CLANG_WARN_DOCUMENTATION_COMMENTS = YES;
				CLANG_WARN_EMPTY_BODY = YES;
				CLANG_WARN_ENUM_CONVERSION = YES;
				CLANG_WARN_INFINITE_RECURSION = YES;
				CLANG_WARN_INT_CONVERSION = YES;
				CLANG_WARN_NON_LITERAL_NULL_CONVERSION = YES;
				CLANG_WARN_OBJC_IMPLICIT_RETAIN_SELF = YES;
				CLANG_WARN_OBJC_LITERAL_CONVERSION = YES;
				CLANG_WARN_OBJC_ROOT_CLASS = YES_ERROR;
				CLANG_WARN_QUOTED_INCLUDE_IN_FRAMEWORK_HEADER = YES;
				CLANG_WARN_RANGE_LOOP_ANALYSIS = YES;
				CLANG_WARN_STRICT_PROTOTYPES = YES;
				CLANG_WARN_SUSPICIOUS_MOVE = YES;
				CLANG_WARN_UNGUARDED_AVAILABILITY = YES_AGGRESSIVE;
				CLANG_WARN_UNREACHABLE_CODE = YES;
				CLANG_WARN__DUPLICATE_METHOD_MATCH = YES;
				COPY_PHASE_STRIP = NO;
				DEBUG_INFORMATION_FORMAT = dwarf;
				ENABLE_STRICT_OBJC_MSGSEND = YES;
				ENABLE_TESTABILITY = YES;
				GCC_C_LANGUAGE_STANDARD = gnu11;
				GCC_DYNAMIC_NO_PIC = NO;
				GCC_NO_COMMON_BLOCKS = YES;
				GCC_OPTIMIZATION_LEVEL = 0;
				GCC_PREPROCESSOR_DEFINITIONS = (
					"DEBUG=1",
					"$(inherited)",
				);
				GCC_WARN_64_TO_32_BIT_CONVERSION = YES;
				GCC_WARN_ABOUT_RETURN_TYPE = YES_ERROR;
				GCC_WARN_UNDECLARED_SELECTOR = YES;
				GCC_WARN_UNINITIALIZED_AUTOS = YES_AGGRESSIVE;
				GCC_WARN_UNUSED_FUNCTION = YES;
				GCC_WARN_UNUSED_VARIABLE = YES;
				IPHONEOS_DEPLOYMENT_TARGET = 16.0;
				MTL_ENABLE_DEBUG_INFO = INCLUDE_SOURCE;
				MTL_FAST_MATH = YES;
				ONLY_ACTIVE_ARCH = YES;
				SDKROOT = iphoneos;
				SWIFT_ACTIVE_COMPILATION_CONDITIONS = DEBUG;
				SWIFT_OPTIMIZATION_LEVEL = "-Onone";
			};
			name = Debug;
		};
		DEFF7D2B2907D48A00FD4A3F /* Release */ = {
			isa = XCBuildConfiguration;
			buildSettings = {
				ALWAYS_SEARCH_USER_PATHS = NO;
				CLANG_ANALYZER_NONNULL = YES;
				CLANG_ANALYZER_NUMBER_OBJECT_CONVERSION = YES_AGGRESSIVE;
				CLANG_CXX_LANGUAGE_STANDARD = "gnu++20";
				CLANG_ENABLE_MODULES = YES;
				CLANG_ENABLE_OBJC_ARC = YES;
				CLANG_ENABLE_OBJC_WEAK = YES;
				CLANG_WARN_BLOCK_CAPTURE_AUTORELEASING = YES;
				CLANG_WARN_BOOL_CONVERSION = YES;
				CLANG_WARN_COMMA = YES;
				CLANG_WARN_CONSTANT_CONVERSION = YES;
				CLANG_WARN_DEPRECATED_OBJC_IMPLEMENTATIONS = YES;
				CLANG_WARN_DIRECT_OBJC_ISA_USAGE = YES_ERROR;
				CLANG_WARN_DOCUMENTATION_COMMENTS = YES;
				CLANG_WARN_EMPTY_BODY = YES;
				CLANG_WARN_ENUM_CONVERSION = YES;
				CLANG_WARN_INFINITE_RECURSION = YES;
				CLANG_WARN_INT_CONVERSION = YES;
				CLANG_WARN_NON_LITERAL_NULL_CONVERSION = YES;
				CLANG_WARN_OBJC_IMPLICIT_RETAIN_SELF = YES;
				CLANG_WARN_OBJC_LITERAL_CONVERSION = YES;
				CLANG_WARN_OBJC_ROOT_CLASS = YES_ERROR;
				CLANG_WARN_QUOTED_INCLUDE_IN_FRAMEWORK_HEADER = YES;
				CLANG_WARN_RANGE_LOOP_ANALYSIS = YES;
				CLANG_WARN_STRICT_PROTOTYPES = YES;
				CLANG_WARN_SUSPICIOUS_MOVE = YES;
				CLANG_WARN_UNGUARDED_AVAILABILITY = YES_AGGRESSIVE;
				CLANG_WARN_UNREACHABLE_CODE = YES;
				CLANG_WARN__DUPLICATE_METHOD_MATCH = YES;
				COPY_PHASE_STRIP = NO;
				DEBUG_INFORMATION_FORMAT = "dwarf-with-dsym";
				ENABLE_NS_ASSERTIONS = NO;
				ENABLE_STRICT_OBJC_MSGSEND = YES;
				GCC_C_LANGUAGE_STANDARD = gnu11;
				GCC_NO_COMMON_BLOCKS = YES;
				GCC_WARN_64_TO_32_BIT_CONVERSION = YES;
				GCC_WARN_ABOUT_RETURN_TYPE = YES_ERROR;
				GCC_WARN_UNDECLARED_SELECTOR = YES;
				GCC_WARN_UNINITIALIZED_AUTOS = YES_AGGRESSIVE;
				GCC_WARN_UNUSED_FUNCTION = YES;
				GCC_WARN_UNUSED_VARIABLE = YES;
				IPHONEOS_DEPLOYMENT_TARGET = 16.0;
				MTL_ENABLE_DEBUG_INFO = NO;
				MTL_FAST_MATH = YES;
				SDKROOT = iphoneos;
				SWIFT_COMPILATION_MODE = wholemodule;
				SWIFT_OPTIMIZATION_LEVEL = "-O";
				VALIDATE_PRODUCT = YES;
			};
			name = Release;
		};
		DEFF7D2D2907D48A00FD4A3F /* Debug */ = {
			isa = XCBuildConfiguration;
			buildSettings = {
				ASSETCATALOG_COMPILER_APPICON_NAME = AppIcon;
				ASSETCATALOG_COMPILER_GLOBAL_ACCENT_COLOR_NAME = AccentColor;
				CODE_SIGN_STYLE = Automatic;
				CURRENT_PROJECT_VERSION = 1;
				DEVELOPMENT_TEAM = Q9H695GPDY;
				GENERATE_INFOPLIST_FILE = YES;
				INFOPLIST_FILE = NetflixClone/Info.plist;
				INFOPLIST_KEY_UIApplicationSupportsIndirectInputEvents = YES;
				INFOPLIST_KEY_UILaunchStoryboardName = LaunchScreen;
				INFOPLIST_KEY_UISupportedInterfaceOrientations_iPad = "UIInterfaceOrientationPortrait UIInterfaceOrientationPortraitUpsideDown UIInterfaceOrientationLandscapeLeft UIInterfaceOrientationLandscapeRight";
				INFOPLIST_KEY_UISupportedInterfaceOrientations_iPhone = "UIInterfaceOrientationPortrait UIInterfaceOrientationLandscapeLeft UIInterfaceOrientationLandscapeRight";
				LD_RUNPATH_SEARCH_PATHS = (
					"$(inherited)",
					"@executable_path/Frameworks",
				);
				MARKETING_VERSION = 1.0;
				PRODUCT_BUNDLE_IDENTIFIER = com.cybershen.NetflixClone;
				PRODUCT_NAME = "$(TARGET_NAME)";
				SWIFT_EMIT_LOC_STRINGS = YES;
				SWIFT_VERSION = 5.0;
				TARGETED_DEVICE_FAMILY = "1,2";
			};
			name = Debug;
		};
		DEFF7D2E2907D48A00FD4A3F /* Release */ = {
			isa = XCBuildConfiguration;
			buildSettings = {
				ASSETCATALOG_COMPILER_APPICON_NAME = AppIcon;
				ASSETCATALOG_COMPILER_GLOBAL_ACCENT_COLOR_NAME = AccentColor;
				CODE_SIGN_STYLE = Automatic;
				CURRENT_PROJECT_VERSION = 1;
				DEVELOPMENT_TEAM = Q9H695GPDY;
				GENERATE_INFOPLIST_FILE = YES;
				INFOPLIST_FILE = NetflixClone/Info.plist;
				INFOPLIST_KEY_UIApplicationSupportsIndirectInputEvents = YES;
				INFOPLIST_KEY_UILaunchStoryboardName = LaunchScreen;
				INFOPLIST_KEY_UISupportedInterfaceOrientations_iPad = "UIInterfaceOrientationPortrait UIInterfaceOrientationPortraitUpsideDown UIInterfaceOrientationLandscapeLeft UIInterfaceOrientationLandscapeRight";
				INFOPLIST_KEY_UISupportedInterfaceOrientations_iPhone = "UIInterfaceOrientationPortrait UIInterfaceOrientationLandscapeLeft UIInterfaceOrientationLandscapeRight";
				LD_RUNPATH_SEARCH_PATHS = (
					"$(inherited)",
					"@executable_path/Frameworks",
				);
				MARKETING_VERSION = 1.0;
				PRODUCT_BUNDLE_IDENTIFIER = com.cybershen.NetflixClone;
				PRODUCT_NAME = "$(TARGET_NAME)";
				SWIFT_EMIT_LOC_STRINGS = YES;
				SWIFT_VERSION = 5.0;
				TARGETED_DEVICE_FAMILY = "1,2";
			};
			name = Release;
		};
/* End XCBuildConfiguration section */

/* Begin XCConfigurationList section */
		DEFF7D132907D48900FD4A3F /* Build configuration list for PBXProject "NetflixClone" */ = {
			isa = XCConfigurationList;
			buildConfigurations = (
				DEFF7D2A2907D48A00FD4A3F /* Debug */,
				DEFF7D2B2907D48A00FD4A3F /* Release */,
			);
			defaultConfigurationIsVisible = 0;
			defaultConfigurationName = Release;
		};
		DEFF7D2C2907D48A00FD4A3F /* Build configuration list for PBXNativeTarget "NetflixClone" */ = {
			isa = XCConfigurationList;
			buildConfigurations = (
				DEFF7D2D2907D48A00FD4A3F /* Debug */,
				DEFF7D2E2907D48A00FD4A3F /* Release */,
			);
			defaultConfigurationIsVisible = 0;
			defaultConfigurationName = Release;
		};
/* End XCConfigurationList section */

/* Begin XCRemoteSwiftPackageReference section */
		DE517A5E291A552700316112 /* XCRemoteSwiftPackageReference "SDWebImage" */ = {
			isa = XCRemoteSwiftPackageReference;
			repositoryURL = "https://github.com/SDWebImage/SDWebImage";
			requirement = {
				kind = upToNextMajorVersion;
				minimumVersion = 5.0.0;
			};
		};
/* End XCRemoteSwiftPackageReference section */

/* Begin XCSwiftPackageProductDependency section */
		DE517A5F291A552700316112 /* SDWebImage */ = {
			isa = XCSwiftPackageProductDependency;
			package = DE517A5E291A552700316112 /* XCRemoteSwiftPackageReference "SDWebImage" */;
			productName = SDWebImage;
		};
		DE517A61291A552700316112 /* SDWebImageMapKit */ = {
			isa = XCSwiftPackageProductDependency;
			package = DE517A5E291A552700316112 /* XCRemoteSwiftPackageReference "SDWebImage" */;
			productName = SDWebImageMapKit;
		};
/* End XCSwiftPackageProductDependency section */
	};
	rootObject = DEFF7D102907D48900FD4A3F /* Project object */;
}
